# This file is automatically @generated by Cargo.
# It is not intended for manual editing.
version = 4

[[package]]
name = "anyhow"
version = "1.0.104"
source = "registry+https://github.com/rust-lang/crates.io-index"
checksum = "330a5ed07fa54e4702c9d6c4174f74427fc0ef6e214bbd677ae50a5099946470"

[[package]]
name = "drift-godot-lint"
version = "0.1.1"
dependencies = [
 "anyhow",
 "gdck-syntax",
]

[[package]]
name = "gdck-syntax"
version = "0.8.0"
source = "registry+https://github.com/rust-lang/crates.io-index"
checksum = "db0e9fbc4bccd69aedf9b9cc92e39707f6957034d9003d2af23a47b5b0cb26ea"
